
Microsoft Visual Studio Solution File, Format Version 12.00
# Visual Studio 15
VisualStudioVersion = 15.0.28307.421
MinimumVisualStudioVersion = 10.0.40219.1
Project("{FAE04EC0-301F-11D3-BF4B-00C04F79EFBC}") = "JWTTest", "JWTTest\JWTTest.csproj", "{9B887034-BC83-4871-B19C-7335A96D4D25}"
EndProject
Global
	GlobalSection(SolutionConfigurationPlatforms) = preSolution
		Debug|Any CPU = Debug|Any CPU
		Release|Any CPU = Release|Any CPU
	EndGlobalSection
	GlobalSection(ProjectConfigurationPlatforms) = postSolution
		{9B887034-BC83-4871-B19C-7335A96D4D25}.Debug|Any CPU.ActiveCfg = Debug|Any CPU
		{9B887034-BC83-4871-B19C-7335A96D4D25}.Debug|Any CPU.Build.0 = Debug|Any CPU
		{9B887034-BC83-4871-B19C-7335A96D4D25}.Release|Any CPU.ActiveCfg = Release|Any CPU
		{9B887034-BC83-4871-B19C-7335A96D4D25}.Release|Any CPU.Build.0 = Release|Any CPU
	EndGlobalSection
	GlobalSection(SolutionProperties) = preSolution
		HideSolutionNode = FALSE
	EndGlobalSection
	GlobalSection(ExtensibilityGlobals) = postSolution
		SolutionGuid = {E828B437-1C23-47B4-A6F7-DA8BBA8FEAC3}
	EndGlobalSection
EndGlobal
